
Microsoft Visual Studio Solution File, Format Version 12.00
# Visual Studio Version 18
VisualStudioVersion = 18.1.11312.151 d18.0
MinimumVisualStudioVersion = 10.0.40219.1
Project("{FAE04EC0-301F-11D3-BF4B-00C04F79EFBC}") = "ElectronicMaps.Domain", "ElectronicMaps.Domain\ElectronicMaps.Domain.csproj", "{D65C4ECB-E398-4A02-BB5D-8986C14E8A08}"
EndProject
Project("{FAE04EC0-301F-11D3-BF4B-00C04F79EFBC}") = "ElectronicMaps.ConsoleTest", "ElectronicMaps.ConsoleTest\ElectronicMaps.ConsoleTest.csproj", "{F872A772-5F0D-418F-82D7-3F2FBEA262A5}"
EndProject
Project("{FAE04EC0-301F-11D3-BF4B-00C04F79EFBC}") = "ElectronicMaps.Application", "ElectronicMaps.Application\ElectronicMaps.Application.csproj", "{E185B6A6-3BC9-4447-87A9-17A8E3431824}"
EndProject
Project("{FAE04EC0-301F-11D3-BF4B-00C04F79EFBC}") = "ElectronicMaps.WPF", "ElectronicMaps.WPF\ElectronicMaps.WPF.csproj", "{CC36EFDE-1D8B-48EB-B165-2FF889BF1892}"
EndProject
Project("{FAE04EC0-301F-11D3-BF4B-00C04F79EFBC}") = "ElectronicMaps.Infrastructure", "ElectronicMaps.Infrastructure\ElectronicMaps.Infrastructure.csproj", "{2F7D3245-6B27-019A-219C-71E432A39430}"
EndProject
Project("{FAE04EC0-301F-11D3-BF4B-00C04F79EFBC}") = "Navigation.Core", "Navigation.Core\Navigation.Core.csproj", "{CADECEC1-AA11-41E6-A0AF-1DD964AD0CF1}"
EndProject
Project("{FAE04EC0-301F-11D3-BF4B-00C04F79EFBC}") = "ElectronicMaps.Documents", "ElectronicMaps.Documents\ElectronicMaps.Documents.csproj", "{7DA5F480-BA66-45B2-B6ED-1DC257F44544}"
EndProject
Global
	GlobalSection(SolutionConfigurationPlatforms) = preSolution
		Debug|Any CPU = Debug|Any CPU
		Release|Any CPU = Release|Any CPU
	EndGlobalSection
	GlobalSection(ProjectConfigurationPlatforms) = postSolution
		{D65C4ECB-E398-4A02-BB5D-8986C14E8A08}.Debug|Any CPU.ActiveCfg = Debug|Any CPU
		{D65C4ECB-E398-4A02-BB5D-8986C14E8A08}.Debug|Any CPU.Build.0 = Debug|Any CPU
		{D65C4ECB-E398-4A02-BB5D-8986C14E8A08}.Release|Any CPU.ActiveCfg = Release|Any CPU
		{D65C4ECB-E398-4A02-BB5D-8986C14E8A08}.Release|Any CPU.Build.0 = Release|Any CPU
		{F872A772-5F0D-418F-82D7-3F2FBEA262A5}.Debug|Any CPU.ActiveCfg = Debug|Any CPU
		{F872A772-5F0D-418F-82D7-3F2FBEA262A5}.Debug|Any CPU.Build.0 = Debug|Any CPU
		{F872A772-5F0D-418F-82D7-3F2FBEA262A5}.Release|Any CPU.ActiveCfg = Release|Any CPU
		{F872A772-5F0D-418F-82D7-3F2FBEA262A5}.Release|Any CPU.Build.0 = Release|Any CPU
		{E185B6A6-3BC9-4447-87A9-17A8E3431824}.Debug|Any CPU.ActiveCfg = Debug|Any CPU
		{E185B6A6-3BC9-4447-87A9-17A8E3431824}.Debug|Any CPU.Build.0 = Debug|Any CPU
		{E185B6A6-3BC9-4447-87A9-17A8E3431824}.Release|Any CPU.ActiveCfg = Release|Any CPU
		{E185B6A6-3BC9-4447-87A9-17A8E3431824}.Release|Any CPU.Build.0 = Release|Any CPU
		{CC36EFDE-1D8B-48EB-B165-2FF889BF1892}.Debug|Any CPU.ActiveCfg = Debug|Any CPU
		{CC36EFDE-1D8B-48EB-B165-2FF889BF1892}.Debug|Any CPU.Build.0 = Debug|Any CPU
		{CC36EFDE-1D8B-48EB-B165-2FF889BF1892}.Release|Any CPU.ActiveCfg = Release|Any CPU
		{CC36EFDE-1D8B-48EB-B165-2FF889BF1892}.Release|Any CPU.Build.0 = Release|Any CPU
		{2F7D3245-6B27-019A-219C-71E432A39430}.Debug|Any CPU.ActiveCfg = Debug|Any CPU
		{2F7D3245-6B27-019A-219C-71E432A39430}.Debug|Any CPU.Build.0 = Debug|Any CPU
		{2F7D3245-6B27-019A-219C-71E432A39430}.Release|Any CPU.ActiveCfg = Release|Any CPU
		{2F7D3245-6B27-019A-219C-71E432A39430}.Release|Any CPU.Build.0 = Release|Any CPU
		{CADECEC1-AA11-41E6-A0AF-1DD964AD0CF1}.Debug|Any CPU.ActiveCfg = Debug|Any CPU
		{CADECEC1-AA11-41E6-A0AF-1DD964AD0CF1}.Debug|Any CPU.Build.0 = Debug|Any CPU
		{CADECEC1-AA11-41E6-A0AF-1DD964AD0CF1}.Release|Any CPU.ActiveCfg = Release|Any CPU
		{CADECEC1-AA11-41E6-A0AF-1DD964AD0CF1}.Release|Any CPU.Build.0 = Release|Any CPU
		{7DA5F480-BA66-45B2-B6ED-1DC257F44544}.Debug|Any CPU.ActiveCfg = Debug|Any CPU
		{7DA5F480-BA66-45B2-B6ED-1DC257F44544}.Debug|Any CPU.Build.0 = Debug|Any CPU
		{7DA5F480-BA66-45B2-B6ED-1DC257F44544}.Release|Any CPU.ActiveCfg = Release|Any CPU
		{7DA5F480-BA66-45B2-B6ED-1DC257F44544}.Release|Any CPU.Build.0 = Release|Any CPU
	EndGlobalSection
	GlobalSection(SolutionProperties) = preSolution
		HideSolutionNode = FALSE
	EndGlobalSection
	GlobalSection(ExtensibilityGlobals) = postSolution
		SolutionGuid = {CB5B3B6B-1A09-4A8F-BA0B-D8D6B9CD4013}
	EndGlobalSection
EndGlobal
